// !$*UTF8*$!
{
	archiveVersion = 1;
	classes = {
	};
	objectVersion = 46;
	objects = {

/* Begin PBXBuildFile section */
		5A3F80FB13EFEBB7009B5C49 /* UIKit.framework in Frameworks */ = {isa = PBXBuildFile; fileRef = 5A3F80FA13EFEBB7009B5C49 /* UIKit.framework */; };
		5A3F80FD13EFEBB7009B5C49 /* Foundation.framework in Frameworks */ = {isa = PBXBuildFile; fileRef = 5A3F80FC13EFEBB7009B5C49 /* Foundation.framework */; };
		5A3F80FF13EFEBB7009B5C49 /* CoreGraphics.framework in Frameworks */ = {isa = PBXBuildFile; fileRef = 5A3F80FE13EFEBB7009B5C49 /* CoreGraphics.framework */; };
		5A3F810513EFEBB7009B5C49 /* InfoPlist.strings in Resources */ = {isa = PBXBuildFile; fileRef = 5A3F810313EFEBB7009B5C49 /* InfoPlist.strings */; };
		5A3F810813EFEBB7009B5C49 /* main.m in Sources */ = {isa = PBXBuildFile; fileRef = 5A3F810713EFEBB7009B5C49 /* main.m */; };
		5A3F810B13EFEBB7009B5C49 /* QuizAppDelegate.m in Sources */ = {isa = PBXBuildFile; fileRef = 5A3F810A13EFEBB7009B5C49 /* QuizAppDelegate.m */; };
		5A3F810E13EFEBB7009B5C49 /* MainWindow.xib in Resources */ = {isa = PBXBuildFile; fileRef = 5A3F810C13EFEBB7009B5C49 /* MainWindow.xib */; };
/* End PBXBuildFile section */

/* Begin PBXFileReference section */
		5A3F80F613EFEBB7009B5C49 /* Quiz.app */ = {isa = PBXFileReference; explicitFileType = wrapper.application; includeInIndex = 0; path = Quiz.app; sourceTree = BUILT_PRODUCTS_DIR; };
		5A3F80FA13EFEBB7009B5C49 /* UIKit.framework */ = {isa = PBXFileReference; lastKnownFileType = wrapper.framework; name = UIKit.framework; path = System/Library/Frameworks/UIKit.framework; sourceTree = SDKROOT; };
		5A3F80FC13EFEBB7009B5C49 /* Foundation.framework */ = {isa = PBXFileReference; lastKnownFileType = wrapper.framework; name = Foundation.framework; path = System/Library/Frameworks/Foundation.framework; sourceTree = SDKROOT; };
		5A3F80FE13EFEBB7009B5C49 /* CoreGraphics.framework */ = {isa = PBXFileReference; lastKnownFileType = wrapper.framework; name = CoreGraphics.framework; path = System/Library/Frameworks/CoreGraphics.framework; sourceTree = SDKROOT; };
		5A3F810213EFEBB7009B5C49 /* Quiz-Info.plist */ = {isa = PBXFileReference; path = "Quiz-Info.plist"; sourceTree = "<group>"; };
		5A3F810413EFEBB7009B5C49 /* en */ = {isa = PBXFileReference; lastKnownFileType = text.plist.strings; name = en; path = en.lproj/InfoPlist.strings; sourceTree = "<group>"; };
		5A3F810613EFEBB7009B5C49 /* Quiz-Prefix.pch */ = {isa = PBXFileReference; path = "Quiz-Prefix.pch"; sourceTree = "<group>"; };
		5A3F810713EFEBB7009B5C49 /* main.m */ = {isa = PBXFileReference; lastKnownFileType = sourcecode.c.objc; path = main.m; sourceTree = "<group>"; };
		5A3F810913EFEBB7009B5C49 /* QuizAppDelegate.h */ = {isa = PBXFileReference; path = QuizAppDelegate.h; sourceTree = "<group>"; };
		5A3F810A13EFEBB7009B5C49 /* QuizAppDelegate.m */ = {isa = PBXFileReference; lastKnownFileType = sourcecode.c.objc; path = QuizAppDelegate.m; sourceTree = "<group>"; };
		5A3F810D13EFEBB7009B5C49 /* en */ = {isa = PBXFileReference; lastKnownFileType = file.xib; name = en; path = en.lproj/MainWindow.xib; sourceTree = "<group>"; };
/* End PBXFileReference section */

/* Begin PBXFrameworksBuildPhase section */
		5A3F80F313EFEBB7009B5C49 /* Frameworks */ = {
			isa = PBXFrameworksBuildPhase;
			buildActionMask = 2147483647;
			files = (
				5A3F80FB13EFEBB7009B5C49 /* UIKit.framework in Frameworks */,
				5A3F80FD13EFEBB7009B5C49 /* Foundation.framework in Frameworks */,
				5A3F80FF13EFEBB7009B5C49 /* CoreGraphics.framework in Frameworks */,
			);
			runOnlyForDeploymentPostprocessing = 0;
		};
/* End PBXFrameworksBuildPhase section */

/* Begin PBXGroup section */
		5A3F80EB13EFEBB7009B5C49 = {
			isa = PBXGroup;
			children = (
				5A3F810013EFEBB7009B5C49 /* Quiz */,
				5A3F80F913EFEBB7009B5C49 /* Frameworks */,
				5A3F80F713EFEBB7009B5C49 /* Products */,
			);
			sourceTree = "<group>";
		};
		5A3F80F713EFEBB7009B5C49 /* Products */ = {
			isa = PBXGroup;
			children = (
				5A3F80F613EFEBB7009B5C49 /* Quiz.app */,
			);
			name = Products;
			sourceTree = "<group>";
		};
		5A3F80F913EFEBB7009B5C49 /* Frameworks */ = {
			isa = PBXGroup;
			children = (
				5A3F80FA13EFEBB7009B5C49 /* UIKit.framework */,
				5A3F80FC13EFEBB7009B5C49 /* Foundation.framework */,
				5A3F80FE13EFEBB7009B5C49 /* CoreGraphics.framework */,
			);
			name = Frameworks;
			sourceTree = "<group>";
		};
		5A3F810013EFEBB7009B5C49 /* Quiz */ = {
			isa = PBXGroup;
			children = (
				5A3F810913EFEBB7009B5C49 /* QuizAppDelegate.h */,
				5A3F810A13EFEBB7009B5C49 /* QuizAppDelegate.m */,
				5A3F810C13EFEBB7009B5C49 /* MainWindow.xib */,
				5A3F810113EFEBB7009B5C49 /* Supporting Files */,
			);
			path = Quiz;
			sourceTree = "<group>";
		};
		5A3F810113EFEBB7009B5C49 /* Supporting Files */ = {
			isa = PBXGroup;
			children = (
				5A3F810213EFEBB7009B5C49 /* Quiz-Info.plist */,
				5A3F810313EFEBB7009B5C49 /* InfoPlist.strings */,
				5A3F810613EFEBB7009B5C49 /* Quiz-Prefix.pch */,
				5A3F810713EFEBB7009B5C49 /* main.m */,
			);
			name = "Supporting Files";
			sourceTree = "<group>";
		};
/* End PBXGroup section */

/* Begin PBXNativeTarget section */
		5A3F80F513EFEBB7009B5C49 /* Quiz */ = {
			isa = PBXNativeTarget;
			buildConfigurationList = 5A3F811113EFEBB7009B5C49 /* Build configuration list for PBXNativeTarget "Quiz" */;
			buildPhases = (
				5A3F80F213EFEBB7009B5C49 /* Sources */,
				5A3F80F313EFEBB7009B5C49 /* Frameworks */,
				5A3F80F413EFEBB7009B5C49 /* Resources */,
			);
			buildRules = (
			);
			dependencies = (
			);
			name = Quiz;
			productName = Quiz;
			productReference = 5A3F80F613EFEBB7009B5C49 /* Quiz.app */;
			productType = "com.apple.product-type.application";
		};
/* End PBXNativeTarget section */

/* Begin PBXProject section */
		5A3F80ED13EFEBB7009B5C49 /* Project object */ = {
			isa = PBXProject;
			attributes = {
				ORGANIZATIONNAME = "Victoria & Albert Museum";
			};
			buildConfigurationList = 5A3F80F013EFEBB7009B5C49 /* Build configuration list for PBXProject "Quiz" */;
			compatibilityVersion = "Xcode 3.2";
			developmentRegion = English;
			hasScannedForEncodings = 0;
			knownRegions = (
				en,
			);
			mainGroup = 5A3F80EB13EFEBB7009B5C49;
			productRefGroup = 5A3F80F713EFEBB7009B5C49 /* Products */;
			projectDirPath = "";
			projectRoot = "";
			targets = (
				5A3F80F513EFEBB7009B5C49 /* Quiz */,
			);
		};
/* End PBXProject section */

/* Begin PBXResourcesBuildPhase section */
		5A3F80F413EFEBB7009B5C49 /* Resources */ = {
			isa = PBXResourcesBuildPhase;
			buildActionMask = 2147483647;
			files = (
				5A3F810513EFEBB7009B5C49 /* InfoPlist.strings in Resources */,
				5A3F810E13EFEBB7009B5C49 /* MainWindow.xib in Resources */,
			);
			runOnlyForDeploymentPostprocessing = 0;
		};
/* End PBXResourcesBuildPhase section */

/* Begin PBXSourcesBuildPhase section */
		5A3F80F213EFEBB7009B5C49 /* Sources */ = {
			isa = PBXSourcesBuildPhase;
			buildActionMask = 2147483647;
			files = (
				5A3F810813EFEBB7009B5C49 /* main.m in Sources */,
				5A3F810B13EFEBB7009B5C49 /* QuizAppDelegate.m in Sources */,
			);
			runOnlyForDeploymentPostprocessing = 0;
		};
/* End PBXSourcesBuildPhase section */

/* Begin PBXVariantGroup section */
		5A3F810313EFEBB7009B5C49 /* InfoPlist.strings */ = {
			isa = PBXVariantGroup;
			children = (
				5A3F810413EFEBB7009B5C49 /* en */,
			);
			name = InfoPlist.strings;
			sourceTree = "<group>";
		};
		5A3F810C13EFEBB7009B5C49 /* MainWindow.xib */ = {
			isa = PBXVariantGroup;
			children = (
				5A3F810D13EFEBB7009B5C49 /* en */,
			);
			name = MainWindow.xib;
			sourceTree = "<group>";
		};
/* End PBXVariantGroup section */

/* Begin XCBuildConfiguration section */
		5A3F810F13EFEBB7009B5C49 /* Debug */ = {
			isa = XCBuildConfiguration;
			buildSettings = {
				ARCHS = "$(ARCHS_STANDARD_32_BIT)";
				"CODE_SIGN_IDENTITY[sdk=iphoneos*]" = "iPhone Developer";
				GCC_C_LANGUAGE_STANDARD = gnu99;
				GCC_OPTIMIZATION_LEVEL = 0;
				GCC_PREPROCESSOR_DEFINITIONS = DEBUG;
				GCC_SYMBOLS_PRIVATE_EXTERN = NO;
				GCC_VERSION = com.apple.compilers.llvmgcc42;
				GCC_WARN_ABOUT_RETURN_TYPE = YES;
				GCC_WARN_UNUSED_VARIABLE = YES;
				IPHONEOS_DEPLOYMENT_TARGET = 4.3;
				SDKROOT = iphoneos;
			};
			name = Debug;
		};
		5A3F811013EFEBB7009B5C49 /* Release */ = {
			isa = XCBuildConfiguration;
			buildSettings = {
				ARCHS = "$(ARCHS_STANDARD_32_BIT)";
				"CODE_SIGN_IDENTITY[sdk=iphoneos*]" = "iPhone Developer";
				GCC_C_LANGUAGE_STANDARD = gnu99;
				GCC_VERSION = com.apple.compilers.llvmgcc42;
				GCC_WARN_ABOUT_RETURN_TYPE = YES;
				GCC_WARN_UNUSED_VARIABLE = YES;
				IPHONEOS_DEPLOYMENT_TARGET = 4.3;
				OTHER_CFLAGS = "-DNS_BLOCK_ASSERTIONS=1";
				SDKROOT = iphoneos;
			};
			name = Release;
		};
		5A3F811213EFEBB7009B5C49 /* Debug */ = {
			isa = XCBuildConfiguration;
			buildSettings = {
				ALWAYS_SEARCH_USER_PATHS = NO;
				COPY_PHASE_STRIP = NO;
				GCC_DYNAMIC_NO_PIC = NO;
				GCC_PRECOMPILE_PREFIX_HEADER = YES;
				GCC_PREFIX_HEADER = "Quiz/Quiz-Prefix.pch";
				INFOPLIST_FILE = "Quiz/Quiz-Info.plist";
				PRODUCT_NAME = "$(TARGET_NAME)";
				WRAPPER_EXTENSION = app;
			};
			name = Debug;
		};
		5A3F811313EFEBB7009B5C49 /* Release */ = {
			isa = XCBuildConfiguration;
			buildSettings = {
				ALWAYS_SEARCH_USER_PATHS = NO;
				COPY_PHASE_STRIP = YES;
				GCC_PRECOMPILE_PREFIX_HEADER = YES;
				GCC_PREFIX_HEADER = "Quiz/Quiz-Prefix.pch";
				INFOPLIST_FILE = "Quiz/Quiz-Info.plist";
				PRODUCT_NAME = "$(TARGET_NAME)";
				VALIDATE_PRODUCT = YES;
				WRAPPER_EXTENSION = app;
			};
			name = Release;
		};
/* End XCBuildConfiguration section */

/* Begin XCConfigurationList section */
		5A3F80F013EFEBB7009B5C49 /* Build configuration list for PBXProject "Quiz" */ = {
			isa = XCConfigurationList;
			buildConfigurations = (
				5A3F810F13EFEBB7009B5C49 /* Debug */,
				5A3F811013EFEBB7009B5C49 /* Release */,
			);
			defaultConfigurationIsVisible = 0;
			defaultConfigurationName = Release;
		};
		5A3F811113EFEBB7009B5C49 /* Build configuration list for PBXNativeTarget "Quiz" */ = {
			isa = XCConfigurationList;
			buildConfigurations = (
				5A3F811213EFEBB7009B5C49 /* Debug */,
				5A3F811313EFEBB7009B5C49 /* Release */,
			);
			defaultConfigurationIsVisible = 0;
		};
/* End XCConfigurationList section */
	};
	rootObject = 5A3F80ED13EFEBB7009B5C49 /* Project object */;
}
